lockfileVersion: '9.0'

settings:
  autoInstallPeers: true
  excludeLinksFromLockfile: false

importers:

  .:
    devDependencies:
      '@types/node':
        specifier: ^20.8.9
        version: 20.19.7
      docdash:
        specifier: ^2.0.2
        version: 2.0.2
      typescript:
        specifier: ^5.2.2
        version: 5.8.3

packages:

  '@jsdoc/salty@0.2.9':
    resolution: {integrity: sha512-yYxMVH7Dqw6nO0d5NIV8OQWnitU8k6vXH8NtgqAfIa/IUqRMxRv/NUJJ08VEKbAakwxlgBl5PJdrU0dMPStsnw==}
    engines: {node: '>=v12.0.0'}

  '@types/node@20.19.7':
    resolution: {integrity: sha512-1GM9z6BJOv86qkPvzh2i6VW5+VVrXxCLknfmTkWEqz+6DqosiY28XUWCTmBcJ0ACzKqx/iwdIREfo1fwExIlkA==}

  docdash@2.0.2:
    resolution: {integrity: sha512-3SDDheh9ddrwjzf6dPFe1a16M6ftstqTNjik2+1fx46l24H9dD2osT2q9y+nBEC1wWz4GIqA48JmicOLQ0R8xA==}

  lodash@4.17.21:
    resolution: {integrity: sha512-v2kDEe57lecTulaDIuNTPy3Ry4gLGJ6Z1O3vE1krgXZNrsQ+LFTGHVxVjcXPs17LhbZVGedAJv8XZ1tvj5FvSg==}

  typescript@5.8.3:
    resolution: {integrity: sha512-p1diW6TqL9L07nNxvRMM7hMMw4c5XOo/1ibL4aAIGmSAt9slTE1Xgw5KWuof2uTOvCg9BY7ZRi+GaF+7sfgPeQ==}
    engines: {node: '>=14.17'}
    hasBin: true

  undici-types@6.21.0:
    resolution: {integrity: sha512-iwDZqg0QAGrg9Rav5H4n0M64c3mkR59cJ6wQp+7C4nI0gsmExaedaYLNO44eT4AtBBwjbTiGPMlt2Md0T9H9JQ==}

snapshots:

  '@jsdoc/salty@0.2.9':
    dependencies:
      lodash: 4.17.21

  '@types/node@20.19.7':
    dependencies:
      undici-types: 6.21.0

  docdash@2.0.2:
    dependencies:
      '@jsdoc/salty': 0.2.9

  lodash@4.17.21: {}

  typescript@5.8.3: {}

  undici-types@6.21.0: {}
